// !$*UTF8*$!
{
	archiveVersion = 1;
	classes = {
	};
	objectVersion = 50;
	objects = {

/* Begin PBXBuildFile section */
		11E4D21B299D745C00CBC6A5 /* AppDelegate.swift in Sources */ = {isa = PBXBuildFile; fileRef = 11E4D21A299D745C00CBC6A5 /* AppDelegate.swift */; };
		11E4D21D299D745C00CBC6A5 /* SceneDelegate.swift in Sources */ = {isa = PBXBuildFile; fileRef = 11E4D21C299D745C00CBC6A5 /* SceneDelegate.swift */; };
		11E4D21F299D745C00CBC6A5 /* ViewController.swift in Sources */ = {isa = PBXBuildFile; fileRef = 11E4D21E299D745C00CBC6A5 /* ViewController.swift */; };
		11E4D222299D745C00CBC6A5 /* Main.storyboard in Resources */ = {isa = PBXBuildFile; fileRef = 11E4D220299D745C00CBC6A5 /* Main.storyboard */; };
		11E4D224299D746700CBC6A5 /* Assets.xcassets in Resources */ = {isa = PBXBuildFile; fileRef = 11E4D223299D746700CBC6A5 /* Assets.xcassets */; };
		11E4D227299D746700CBC6A5 /* LaunchScreen.storyboard in Resources */ = {isa = PBXBuildFile; fileRef = 11E4D225299D746700CBC6A5 /* LaunchScreen.storyboard */; };
		11E4D230299D74C400CBC6A5 /* Country.swift in Sources */ = {isa = PBXBuildFile; fileRef = 11E4D22F299D74C400CBC6A5 /* Country.swift */; };
		11E4D234299D752500CBC6A5 /* DetailViewController.swift in Sources */ = {isa = PBXBuildFile; fileRef = 11E4D233299D752500CBC6A5 /* DetailViewController.swift */; };
		11E4D238299D7D0B00CBC6A5 /* Countrys.swift in Sources */ = {isa = PBXBuildFile; fileRef = 11E4D237299D7D0B00CBC6A5 /* Countrys.swift */; };
/* End PBXBuildFile section */

/* Begin PBXFileReference section */
		11E4D217299D745C00CBC6A5 /* Milestone13-15.app */ = {isa = PBXFileReference; explicitFileType = wrapper.application; includeInIndex = 0; path = "Milestone13-15.app"; sourceTree = BUILT_PRODUCTS_DIR; };
		11E4D21A299D745C00CBC6A5 /* AppDelegate.swift */ = {isa = PBXFileReference; lastKnownFileType = sourcecode.swift; path = AppDelegate.swift; sourceTree = "<group>"; };
		11E4D21C299D745C00CBC6A5 /* SceneDelegate.swift */ = {isa = PBXFileReference; lastKnownFileType = sourcecode.swift; path = SceneDelegate.swift; sourceTree = "<group>"; };
		11E4D21E299D745C00CBC6A5 /* ViewController.swift */ = {isa = PBXFileReference; lastKnownFileType = sourcecode.swift; path = ViewController.swift; sourceTree = "<group>"; };
		11E4D221299D745C00CBC6A5 /* Base */ = {isa = PBXFileReference; lastKnownFileType = file.storyboard; name = Base; path = Base.lproj/Main.storyboard; sourceTree = "<group>"; };
		11E4D223299D746700CBC6A5 /* Assets.xcassets */ = {isa = PBXFileReference; lastKnownFileType = folder.assetcatalog; path = Assets.xcassets; sourceTree = "<group>"; };
		11E4D226299D746700CBC6A5 /* Base */ = {isa = PBXFileReference; lastKnownFileType = file.storyboard; name = Base; path = Base.lproj/LaunchScreen.storyboard; sourceTree = "<group>"; };
		11E4D228299D746700CBC6A5 /* Info.plist */ = {isa = PBXFileReference; lastKnownFileType = text.plist.xml; path = Info.plist; sourceTree = "<group>"; };
		11E4D22F299D74C400CBC6A5 /* Country.swift */ = {isa = PBXFileReference; lastKnownFileType = sourcecode.swift; path = Country.swift; sourceTree = "<group>"; };
		11E4D233299D752500CBC6A5 /* DetailViewController.swift */ = {isa = PBXFileReference; lastKnownFileType = sourcecode.swift; path = DetailViewController.swift; sourceTree = "<group>"; };
		11E4D237299D7D0B00CBC6A5 /* Countrys.swift */ = {isa = PBXFileReference; lastKnownFileType = sourcecode.swift; path = Countrys.swift; sourceTree = "<group>"; };
/* End PBXFileReference section */

/* Begin PBXFrameworksBuildPhase section */
		11E4D214299D745C00CBC6A5 /* Frameworks */ = {
			isa = PBXFrameworksBuildPhase;
			buildActionMask = 2147483647;
			files = (
			);
			runOnlyForDeploymentPostprocessing = 0;
		};
/* End PBXFrameworksBuildPhase section */

/* Begin PBXGroup section */
		11E4D20E299D745C00CBC6A5 = {
			isa = PBXGroup;
			children = (
				11E4D219299D745C00CBC6A5 /* Milestone13-15 */,
				11E4D218299D745C00CBC6A5 /* Products */,
			);
			sourceTree = "<group>";
		};
		11E4D218299D745C00CBC6A5 /* Products */ = {
			isa = PBXGroup;
			children = (
				11E4D217299D745C00CBC6A5 /* Milestone13-15.app */,
			);
			name = Products;
			sourceTree = "<group>";
		};
		11E4D219299D745C00CBC6A5 /* Milestone13-15 */ = {
			isa = PBXGroup;
			children = (
				11E4D21A299D745C00CBC6A5 /* AppDelegate.swift */,
				11E4D21C299D745C00CBC6A5 /* SceneDelegate.swift */,
				11E4D21E299D745C00CBC6A5 /* ViewController.swift */,
				11E4D237299D7D0B00CBC6A5 /* Countrys.swift */,
				11E4D22F299D74C400CBC6A5 /* Country.swift */,
				11E4D233299D752500CBC6A5 /* DetailViewController.swift */,
				11E4D220299D745C00CBC6A5 /* Main.storyboard */,
				11E4D223299D746700CBC6A5 /* Assets.xcassets */,
				11E4D225299D746700CBC6A5 /* LaunchScreen.storyboard */,
				11E4D228299D746700CBC6A5 /* Info.plist */,
			);
			path = "Milestone13-15";
			sourceTree = "<group>";
		};
/* End PBXGroup section */

/* Begin PBXNativeTarget section */
		11E4D216299D745C00CBC6A5 /* Milestone13-15 */ = {
			isa = PBXNativeTarget;
			buildConfigurationList = 11E4D22B299D746700CBC6A5 /* Build configuration list for PBXNativeTarget "Milestone13-15" */;
			buildPhases = (
				11E4D213299D745C00CBC6A5 /* Sources */,
				11E4D214299D745C00CBC6A5 /* Frameworks */,
				11E4D215299D745C00CBC6A5 /* Resources */,
			);
			buildRules = (
			);
			dependencies = (
			);
			name = "Milestone13-15";
			productName = "Milestone13-15";
			productReference = 11E4D217299D745C00CBC6A5 /* Milestone13-15.app */;
			productType = "com.apple.product-type.application";
		};
/* End PBXNativeTarget section */

/* Begin PBXProject section */
		11E4D20F299D745C00CBC6A5 /* Project object */ = {
			isa = PBXProject;
			attributes = {
				LastSwiftUpdateCheck = 1240;
				LastUpgradeCheck = 1240;
				TargetAttributes = {
					11E4D216299D745C00CBC6A5 = {
						CreatedOnToolsVersion = 12.4;
					};
				};
			};
			buildConfigurationList = 11E4D212299D745C00CBC6A5 /* Build configuration list for PBXProject "Milestone13-15" */;
			compatibilityVersion = "Xcode 9.3";
			developmentRegion = en;
			hasScannedForEncodings = 0;
			knownRegions = (
				en,
				Base,
			);
			mainGroup = 11E4D20E299D745C00CBC6A5;
			productRefGroup = 11E4D218299D745C00CBC6A5 /* Products */;
			projectDirPath = "";
			projectRoot = "";
			targets = (
				11E4D216299D745C00CBC6A5 /* Milestone13-15 */,
			);
		};
/* End PBXProject section */

/* Begin PBXResourcesBuildPhase section */
		11E4D215299D745C00CBC6A5 /* Resources */ = {
			isa = PBXResourcesBuildPhase;
			buildActionMask = 2147483647;
			files = (
				11E4D227299D746700CBC6A5 /* LaunchScreen.storyboard in Resources */,
				11E4D224299D746700CBC6A5 /* Assets.xcassets in Resources */,
				11E4D222299D745C00CBC6A5 /* Main.storyboard in Resources */,
			);
			runOnlyForDeploymentPostprocessing = 0;
		};
/* End PBXResourcesBuildPhase section */

/* Begin PBXSourcesBuildPhase section */
		11E4D213299D745C00CBC6A5 /* Sources */ = {
			isa = PBXSourcesBuildPhase;
			buildActionMask = 2147483647;
			files = (
				11E4D21F299D745C00CBC6A5 /* ViewController.swift in Sources */,
				11E4D230299D74C400CBC6A5 /* Country.swift in Sources */,
				11E4D238299D7D0B00CBC6A5 /* Countrys.swift in Sources */,
				11E4D234299D752500CBC6A5 /* DetailViewController.swift in Sources */,
				11E4D21B299D745C00CBC6A5 /* AppDelegate.swift in Sources */,
				11E4D21D299D745C00CBC6A5 /* SceneDelegate.swift in Sources */,
			);
			runOnlyForDeploymentPostprocessing = 0;
		};
/* End PBXSourcesBuildPhase section */

/* Begin PBXVariantGroup section */
		11E4D220299D745C00CBC6A5 /* Main.storyboard */ = {
			isa = PBXVariantGroup;
			children = (
				11E4D221299D745C00CBC6A5 /* Base */,
			);
			name = Main.storyboard;
			sourceTree = "<group>";
		};
		11E4D225299D746700CBC6A5 /* LaunchScreen.storyboard */ = {
			isa = PBXVariantGroup;
			children = (
				11E4D226299D746700CBC6A5 /* Base */,
			);
			name = LaunchScreen.storyboard;
			sourceTree = "<group>";
		};
/* End PBXVariantGroup section */

/* Begin XCBuildConfiguration section */
		11E4D229299D746700CBC6A5 /* Debug */ = {
			isa = XCBuildConfiguration;
			buildSettings = {
				ALWAYS_SEARCH_USER_PATHS = NO;
				CLANG_ANALYZER_NONNULL = YES;
				CLANG_ANALYZER_NUMBER_OBJECT_CONVERSION = YES_AGGRESSIVE;
				CLANG_CXX_LANGUAGE_STANDARD = "gnu++14";
				CLANG_CXX_LIBRARY = "libc++";
				CLANG_ENABLE_MODULES = YES;
				CLANG_ENABLE_OBJC_ARC = YES;
				CLANG_ENABLE_OBJC_WEAK = YES;
				CLANG_WARN_BLOCK_CAPTURE_AUTORELEASING = YES;
				CLANG_WARN_BOOL_CONVERSION = YES;
				CLANG_WARN_COMMA = YES;
				CLANG_WARN_CONSTANT_CONVERSION = YES;
				CLANG_WARN_DEPRECATED_OBJC_IMPLEMENTATIONS = YES;
				CLANG_WARN_DIRECT_OBJC_ISA_USAGE = YES_ERROR;
				CLANG_WARN_DOCUMENTATION_COMMENTS = YES;
				CLANG_WARN_EMPTY_BODY = YES;
				CLANG_WARN_ENUM_CONVERSION = YES;
				CLANG_WARN_INFINITE_RECURSION = YES;
				CLANG_WARN_INT_CONVERSION = YES;
				CLANG_WARN_NON_LITERAL_NULL_CONVERSION = YES;
				CLANG_WARN_OBJC_IMPLICIT_RETAIN_SELF = YES;
				CLANG_WARN_OBJC_LITERAL_CONVERSION = YES;
				CLANG_WARN_OBJC_ROOT_CLASS = YES_ERROR;
				CLANG_WARN_QUOTED_INCLUDE_IN_FRAMEWORK_HEADER = YES;
				CLANG_WARN_RANGE_LOOP_ANALYSIS = YES;
				CLANG_WARN_STRICT_PROTOTYPES = YES;
				CLANG_WARN_SUSPICIOUS_MOVE = YES;
				CLANG_WARN_UNGUARDED_AVAILABILITY = YES_AGGRESSIVE;
				CLANG_WARN_UNREACHABLE_CODE = YES;
				CLANG_WARN__DUPLICATE_METHOD_MATCH = YES;
				COPY_PHASE_STRIP = NO;
				DEBUG_INFORMATION_FORMAT = dwarf;
				ENABLE_STRICT_OBJC_MSGSEND = YES;
				ENABLE_TESTABILITY = YES;
				GCC_C_LANGUAGE_STANDARD = gnu11;
				GCC_DYNAMIC_NO_PIC = NO;
				GCC_NO_COMMON_BLOCKS = YES;
				GCC_OPTIMIZATION_LEVEL = 0;
				GCC_PREPROCESSOR_DEFINITIONS = (
					"DEBUG=1",
					"$(inherited)",
				);
				GCC_WARN_64_TO_32_BIT_CONVERSION = YES;
				GCC_WARN_ABOUT_RETURN_TYPE = YES_ERROR;
				GCC_WARN_UNDECLARED_SELECTOR = YES;
				GCC_WARN_UNINITIALIZED_AUTOS = YES_AGGRESSIVE;
				GCC_WARN_UNUSED_FUNCTION = YES;
				GCC_WARN_UNUSED_VARIABLE = YES;
				IPHONEOS_DEPLOYMENT_TARGET = 14.4;
				MTL_ENABLE_DEBUG_INFO = INCLUDE_SOURCE;
				MTL_FAST_MATH = YES;
				ONLY_ACTIVE_ARCH = YES;
				SDKROOT = iphoneos;
				SWIFT_ACTIVE_COMPILATION_CONDITIONS = DEBUG;
				SWIFT_OPTIMIZATION_LEVEL = "-Onone";
			};
			name = Debug;
		};
		11E4D22A299D746700CBC6A5 /* Release */ = {
			isa = XCBuildConfiguration;
			buildSettings = {
				ALWAYS_SEARCH_USER_PATHS = NO;
				CLANG_ANALYZER_NONNULL = YES;
				CLANG_ANALYZER_NUMBER_OBJECT_CONVERSION = YES_AGGRESSIVE;
				CLANG_CXX_LANGUAGE_STANDARD = "gnu++14";
				CLANG_CXX_LIBRARY = "libc++";
				CLANG_ENABLE_MODULES = YES;
				CLANG_ENABLE_OBJC_ARC = YES;
				CLANG_ENABLE_OBJC_WEAK = YES;
				CLANG_WARN_BLOCK_CAPTURE_AUTORELEASING = YES;
				CLANG_WARN_BOOL_CONVERSION = YES;
				CLANG_WARN_COMMA = YES;
				CLANG_WARN_CONSTANT_CONVERSION = YES;
				CLANG_WARN_DEPRECATED_OBJC_IMPLEMENTATIONS = YES;
				CLANG_WARN_DIRECT_OBJC_ISA_USAGE = YES_ERROR;
				CLANG_WARN_DOCUMENTATION_COMMENTS = YES;
				CLANG_WARN_EMPTY_BODY = YES;
				CLANG_WARN_ENUM_CONVERSION = YES;
				CLANG_WARN_INFINITE_RECURSION = YES;
				CLANG_WARN_INT_CONVERSION = YES;
				CLANG_WARN_NON_LITERAL_NULL_CONVERSION = YES;
				CLANG_WARN_OBJC_IMPLICIT_RETAIN_SELF = YES;
				CLANG_WARN_OBJC_LITERAL_CONVERSION = YES;
				CLANG_WARN_OBJC_ROOT_CLASS = YES_ERROR;
				CLANG_WARN_QUOTED_INCLUDE_IN_FRAMEWORK_HEADER = YES;
				CLANG_WARN_RANGE_LOOP_ANALYSIS = YES;
				CLANG_WARN_STRICT_PROTOTYPES = YES;
				CLANG_WARN_SUSPICIOUS_MOVE = YES;
				CLANG_WARN_UNGUARDED_AVAILABILITY = YES_AGGRESSIVE;
				CLANG_WARN_UNREACHABLE_CODE = YES;
				CLANG_WARN__DUPLICATE_METHOD_MATCH = YES;
				COPY_PHASE_STRIP = NO;
				DEBUG_INFORMATION_FORMAT = "dwarf-with-dsym";
				ENABLE_NS_ASSERTIONS = NO;
				ENABLE_STRICT_OBJC_MSGSEND = YES;
				GCC_C_LANGUAGE_STANDARD = gnu11;
				GCC_NO_COMMON_BLOCKS = YES;
				GCC_WARN_64_TO_32_BIT_CONVERSION = YES;
				GCC_WARN_ABOUT_RETURN_TYPE = YES_ERROR;
				GCC_WARN_UNDECLARED_SELECTOR = YES;
				GCC_WARN_UNINITIALIZED_AUTOS = YES_AGGRESSIVE;
				GCC_WARN_UNUSED_FUNCTION = YES;
				GCC_WARN_UNUSED_VARIABLE = YES;
				IPHONEOS_DEPLOYMENT_TARGET = 14.4;
				MTL_ENABLE_DEBUG_INFO = NO;
				MTL_FAST_MATH = YES;
				SDKROOT = iphoneos;
				SWIFT_COMPILATION_MODE = wholemodule;
				SWIFT_OPTIMIZATION_LEVEL = "-O";
				VALIDATE_PRODUCT = YES;
			};
			name = Release;
		};
		11E4D22C299D746700CBC6A5 /* Debug */ = {
			isa = XCBuildConfiguration;
			buildSettings = {
				ASSETCATALOG_COMPILER_APPICON_NAME = AppIcon;
				ASSETCATALOG_COMPILER_GLOBAL_ACCENT_COLOR_NAME = AccentColor;
				CODE_SIGN_STYLE = Automatic;
				INFOPLIST_FILE = "Milestone13-15/Info.plist";
				LD_RUNPATH_SEARCH_PATHS = (
					"$(inherited)",
					"@executable_path/Frameworks",
				);
				PRODUCT_BUNDLE_IDENTIFIER = "Playgroung.Milestone13-15";
				PRODUCT_NAME = "$(TARGET_NAME)";
				SWIFT_VERSION = 5.0;
				TARGETED_DEVICE_FAMILY = "1,2";
			};
			name = Debug;
		};
		11E4D22D299D746700CBC6A5 /* Release */ = {
			isa = XCBuildConfiguration;
			buildSettings = {
				ASSETCATALOG_COMPILER_APPICON_NAME = AppIcon;
				ASSETCATALOG_COMPILER_GLOBAL_ACCENT_COLOR_NAME = AccentColor;
				CODE_SIGN_STYLE = Automatic;
				INFOPLIST_FILE = "Milestone13-15/Info.plist";
				LD_RUNPATH_SEARCH_PATHS = (
					"$(inherited)",
					"@executable_path/Frameworks",
				);
				PRODUCT_BUNDLE_IDENTIFIER = "Playgroung.Milestone13-15";
				PRODUCT_NAME = "$(TARGET_NAME)";
				SWIFT_VERSION = 5.0;
				TARGETED_DEVICE_FAMILY = "1,2";
			};
			name = Release;
		};
/* End XCBuildConfiguration section */

/* Begin XCConfigurationList section */
		11E4D212299D745C00CBC6A5 /* Build configuration list for PBXProject "Milestone13-15" */ = {
			isa = XCConfigurationList;
			buildConfigurations = (
				11E4D229299D746700CBC6A5 /* Debug */,
				11E4D22A299D746700CBC6A5 /* Release */,
			);
			defaultConfigurationIsVisible = 0;
			defaultConfigurationName = Release;
		};
		11E4D22B299D746700CBC6A5 /* Build configuration list for PBXNativeTarget "Milestone13-15" */ = {
			isa = XCConfigurationList;
			buildConfigurations = (
				11E4D22C299D746700CBC6A5 /* Debug */,
				11E4D22D299D746700CBC6A5 /* Release */,
			);
			defaultConfigurationIsVisible = 0;
			defaultConfigurationName = Release;
		};
/* End XCConfigurationList section */
	};
	rootObject = 11E4D20F299D745C00CBC6A5 /* Project object */;
}
